{
  "name": "demo12",
  "version": "1.0.2",
  "lockfileVersion": 1,
  "requires": true,
  "dependencies": {
    "cielsys-npmdemo11": {
      "version": "1.0.1",
      "resolved": "https://registry.npmjs.org/cielsys-npmdemo11/-/cielsys-npmdemo11-1.0.1.tgz",
      "integrity": "sha512-3j9fw7INNugvg/mcsVRxkolaCyW0kSbVkXIn9vun8vQQlj+APxOOaUvC8CJMFrNaoaXRd+MCKA4Vgq/HdsZi6w=="
    }
  }
}
